Microsoft Visual Studio Solution File, Format Version 12.00
# Visual Studio Version 17
VisualStudioVersion = 17.5.2.0
MinimumVisualStudioVersion = 10.0.40219.1
Project("{FAE04EC0-301F-11D3-BF4B-00C04F79EFBC}") = "packing_inventory", "packing_inventory.csproj", "{940F52B7-7383-BD8C-5D77-83EE7A8CAE22}"
EndProject
Global
	GlobalSection(SolutionConfigurationPlatforms) = preSolution
		Debug|Any CPU = Debug|Any CPU
		Release|Any CPU = Release|Any CPU
	EndGlobalSection
	GlobalSection(ProjectConfigurationPlatforms) = postSolution
		{940F52B7-7383-BD8C-5D77-83EE7A8CAE22}.Debug|Any CPU.ActiveCfg = Debug|Any CPU
		{940F52B7-7383-BD8C-5D77-83EE7A8CAE22}.Debug|Any CPU.Build.0 = Debug|Any CPU
		{940F52B7-7383-BD8C-5D77-83EE7A8CAE22}.Release|Any CPU.ActiveCfg = Release|Any CPU
		{940F52B7-7383-BD8C-5D77-83EE7A8CAE22}.Release|Any CPU.Build.0 = Release|Any CPU
	EndGlobalSection
	GlobalSection(SolutionProperties) = preSolution
		HideSolutionNode = FALSE
	EndGlobalSection
	GlobalSection(ExtensibilityGlobals) = postSolution
		SolutionGuid = {E9028159-803F-4361-A3AB-30503EB67DB7}
	EndGlobalSection
EndGlobal
