Microsoft Visual Studio Solution File, Format Version 12.00
# Visual Studio Version 17
VisualStudioVersion = 17.5.2.0
MinimumVisualStudioVersion = 10.0.40219.1
Project("{FAE04EC0-301F-11D3-BF4B-00C04F79EFBC}") = "hunting_the_manticore", "hunting_the_manticore.csproj", "{C71E9B1A-29F6-91D4-E96C-5D594994936A}"
EndProject
Global
	GlobalSection(SolutionConfigurationPlatforms) = preSolution
		Debug|Any CPU = Debug|Any CPU
		Release|Any CPU = Release|Any CPU
	EndGlobalSection
	GlobalSection(ProjectConfigurationPlatforms) = postSolution
		{C71E9B1A-29F6-91D4-E96C-5D594994936A}.Debug|Any CPU.ActiveCfg = Debug|Any CPU
		{C71E9B1A-29F6-91D4-E96C-5D594994936A}.Debug|Any CPU.Build.0 = Debug|Any CPU
		{C71E9B1A-29F6-91D4-E96C-5D594994936A}.Release|Any CPU.ActiveCfg = Release|Any CPU
		{C71E9B1A-29F6-91D4-E96C-5D594994936A}.Release|Any CPU.Build.0 = Release|Any CPU
	EndGlobalSection
	GlobalSection(SolutionProperties) = preSolution
		HideSolutionNode = FALSE
	EndGlobalSection
	GlobalSection(ExtensibilityGlobals) = postSolution
		SolutionGuid = {46C3C659-BEFD-4999-B359-9501082CAA65}
	EndGlobalSection
EndGlobal
