Microsoft Visual Studio Solution File, Format Version 12.00
# Visual Studio Version 17
VisualStudioVersion = 17.5.2.0
MinimumVisualStudioVersion = 10.0.40219.1
Project("{FAE04EC0-301F-11D3-BF4B-00C04F79EFBC}") = "better_random", "better_random.csproj", "{B6569B50-B25D-5B5D-F33E-D45E4F02D002}"
EndProject
Global
	GlobalSection(SolutionConfigurationPlatforms) = preSolution
		Debug|Any CPU = Debug|Any CPU
		Release|Any CPU = Release|Any CPU
	EndGlobalSection
	GlobalSection(ProjectConfigurationPlatforms) = postSolution
		{B6569B50-B25D-5B5D-F33E-D45E4F02D002}.Debug|Any CPU.ActiveCfg = Debug|Any CPU
		{B6569B50-B25D-5B5D-F33E-D45E4F02D002}.Debug|Any CPU.Build.0 = Debug|Any CPU
		{B6569B50-B25D-5B5D-F33E-D45E4F02D002}.Release|Any CPU.ActiveCfg = Release|Any CPU
		{B6569B50-B25D-5B5D-F33E-D45E4F02D002}.Release|Any CPU.Build.0 = Release|Any CPU
	EndGlobalSection
	GlobalSection(SolutionProperties) = preSolution
		HideSolutionNode = FALSE
	EndGlobalSection
	GlobalSection(ExtensibilityGlobals) = postSolution
		SolutionGuid = {1B4A0883-8FEA-414B-8894-F76EB8F889D5}
	EndGlobalSection
EndGlobal
