Microsoft Visual Studio Solution File, Format Version 12.00
# Visual Studio Version 17
VisualStudioVersion = 17.5.2.0
MinimumVisualStudioVersion = 10.0.40219.1
Project("{FAE04EC0-301F-11D3-BF4B-00C04F79EFBC}") = "taking_a_number", "taking_a_number.csproj", "{9240B741-9084-1014-F27C-7D98D626A720}"
EndProject
Global
	GlobalSection(SolutionConfigurationPlatforms) = preSolution
		Debug|Any CPU = Debug|Any CPU
		Release|Any CPU = Release|Any CPU
	EndGlobalSection
	GlobalSection(ProjectConfigurationPlatforms) = postSolution
		{9240B741-9084-1014-F27C-7D98D626A720}.Debug|Any CPU.ActiveCfg = Debug|Any CPU
		{9240B741-9084-1014-F27C-7D98D626A720}.Debug|Any CPU.Build.0 = Debug|Any CPU
		{9240B741-9084-1014-F27C-7D98D626A720}.Release|Any CPU.ActiveCfg = Release|Any CPU
		{9240B741-9084-1014-F27C-7D98D626A720}.Release|Any CPU.Build.0 = Release|Any CPU
	EndGlobalSection
	GlobalSection(SolutionProperties) = preSolution
		HideSolutionNode = FALSE
	EndGlobalSection
	GlobalSection(ExtensibilityGlobals) = postSolution
		SolutionGuid = {E1BC9CD7-890A-4F9C-A12A-1C6841D6311D}
	EndGlobalSection
EndGlobal
