Microsoft Visual Studio Solution File, Format Version 12.00
# Visual Studio Version 17
VisualStudioVersion = 17.5.2.0
MinimumVisualStudioVersion = 10.0.40219.1
Project("{FAE04EC0-301F-11D3-BF4B-00C04F79EFBC}") = "the_card", "the_card.csproj", "{40C6FB4A-7684-DDF0-2110-ECCA3D33726B}"
EndProject
Global
	GlobalSection(SolutionConfigurationPlatforms) = preSolution
		Debug|Any CPU = Debug|Any CPU
		Release|Any CPU = Release|Any CPU
	EndGlobalSection
	GlobalSection(ProjectConfigurationPlatforms) = postSolution
		{40C6FB4A-7684-DDF0-2110-ECCA3D33726B}.Debug|Any CPU.ActiveCfg = Debug|Any CPU
		{40C6FB4A-7684-DDF0-2110-ECCA3D33726B}.Debug|Any CPU.Build.0 = Debug|Any CPU
		{40C6FB4A-7684-DDF0-2110-ECCA3D33726B}.Release|Any CPU.ActiveCfg = Release|Any CPU
		{40C6FB4A-7684-DDF0-2110-ECCA3D33726B}.Release|Any CPU.Build.0 = Release|Any CPU
	EndGlobalSection
	GlobalSection(SolutionProperties) = preSolution
		HideSolutionNode = FALSE
	EndGlobalSection
	GlobalSection(ExtensibilityGlobals) = postSolution
		SolutionGuid = {AFB0D540-5E47-463A-9E58-25E3FD22E37C}
	EndGlobalSection
EndGlobal
