Microsoft Visual Studio Solution File, Format Version 12.00
# Visual Studio Version 17
VisualStudioVersion = 17.5.2.0
MinimumVisualStudioVersion = 10.0.40219.1
Project("{FAE04EC0-301F-11D3-BF4B-00C04F79EFBC}") = "the_potion_masters_of_pattren", "the_potion_masters_of_pattren.csproj", "{0E8BA8C6-E0DB-4A68-AB8B-B05BA31E43F9}"
EndProject
Global
	GlobalSection(SolutionConfigurationPlatforms) = preSolution
		Debug|Any CPU = Debug|Any CPU
		Release|Any CPU = Release|Any CPU
	EndGlobalSection
	GlobalSection(ProjectConfigurationPlatforms) = postSolution
		{0E8BA8C6-E0DB-4A68-AB8B-B05BA31E43F9}.Debug|Any CPU.ActiveCfg = Debug|Any CPU
		{0E8BA8C6-E0DB-4A68-AB8B-B05BA31E43F9}.Debug|Any CPU.Build.0 = Debug|Any CPU
		{0E8BA8C6-E0DB-4A68-AB8B-B05BA31E43F9}.Release|Any CPU.ActiveCfg = Release|Any CPU
		{0E8BA8C6-E0DB-4A68-AB8B-B05BA31E43F9}.Release|Any CPU.Build.0 = Release|Any CPU
	EndGlobalSection
	GlobalSection(SolutionProperties) = preSolution
		HideSolutionNode = FALSE
	EndGlobalSection
	GlobalSection(ExtensibilityGlobals) = postSolution
		SolutionGuid = {DFC8A938-6996-4843-980B-AF01A36847F6}
	EndGlobalSection
EndGlobal
