Microsoft Visual Studio Solution File, Format Version 12.00
# Visual Studio Version 17
VisualStudioVersion = 17.5.2.0
MinimumVisualStudioVersion = 10.0.40219.1
Project("{FAE04EC0-301F-11D3-BF4B-00C04F79EFBC}") = "converting_directions_to_offsets", "converting_directions_to_offsets.csproj", "{72273186-F20E-0D92-9C14-8FB7F947FE79}"
EndProject
Global
	GlobalSection(SolutionConfigurationPlatforms) = preSolution
		Debug|Any CPU = Debug|Any CPU
		Release|Any CPU = Release|Any CPU
	EndGlobalSection
	GlobalSection(ProjectConfigurationPlatforms) = postSolution
		{72273186-F20E-0D92-9C14-8FB7F947FE79}.Debug|Any CPU.ActiveCfg = Debug|Any CPU
		{72273186-F20E-0D92-9C14-8FB7F947FE79}.Debug|Any CPU.Build.0 = Debug|Any CPU
		{72273186-F20E-0D92-9C14-8FB7F947FE79}.Release|Any CPU.ActiveCfg = Release|Any CPU
		{72273186-F20E-0D92-9C14-8FB7F947FE79}.Release|Any CPU.Build.0 = Release|Any CPU
	EndGlobalSection
	GlobalSection(SolutionProperties) = preSolution
		HideSolutionNode = FALSE
	EndGlobalSection
	GlobalSection(ExtensibilityGlobals) = postSolution
		SolutionGuid = {14F2228C-1EEB-4A07-98E2-6BF7698965B8}
	EndGlobalSection
EndGlobal
