Microsoft Visual Studio Solution File, Format Version 12.00
# Visual Studio Version 17
VisualStudioVersion = 17.5.2.0
MinimumVisualStudioVersion = 10.0.40219.1
Project("{FAE04EC0-301F-11D3-BF4B-00C04F79EFBC}") = "simulas_soup", "simulas_soup.csproj", "{0D3BE36E-693B-7173-8B62-E55399E849AA}"
EndProject
Global
	GlobalSection(SolutionConfigurationPlatforms) = preSolution
		Debug|Any CPU = Debug|Any CPU
		Release|Any CPU = Release|Any CPU
	EndGlobalSection
	GlobalSection(ProjectConfigurationPlatforms) = postSolution
		{0D3BE36E-693B-7173-8B62-E55399E849AA}.Debug|Any CPU.ActiveCfg = Debug|Any CPU
		{0D3BE36E-693B-7173-8B62-E55399E849AA}.Debug|Any CPU.Build.0 = Debug|Any CPU
		{0D3BE36E-693B-7173-8B62-E55399E849AA}.Release|Any CPU.ActiveCfg = Release|Any CPU
		{0D3BE36E-693B-7173-8B62-E55399E849AA}.Release|Any CPU.Build.0 = Release|Any CPU
	EndGlobalSection
	GlobalSection(SolutionProperties) = preSolution
		HideSolutionNode = FALSE
	EndGlobalSection
	GlobalSection(ExtensibilityGlobals) = postSolution
		SolutionGuid = {91CBF3A2-2188-4A3E-81F9-B68FCE9B88CD}
	EndGlobalSection
EndGlobal
