Microsoft Visual Studio Solution File, Format Version 12.00
# Visual Studio Version 17
VisualStudioVersion = 17.5.2.0
MinimumVisualStudioVersion = 10.0.40219.1
Project("{FAE04EC0-301F-11D3-BF4B-00C04F79EFBC}") = "the_long_game", "the_long_game.csproj", "{4EF2846B-53FB-F126-1F88-D3DE3172C3CA}"
EndProject
Global
	GlobalSection(SolutionConfigurationPlatforms) = preSolution
		Debug|Any CPU = Debug|Any CPU
		Release|Any CPU = Release|Any CPU
	EndGlobalSection
	GlobalSection(ProjectConfigurationPlatforms) = postSolution
		{4EF2846B-53FB-F126-1F88-D3DE3172C3CA}.Debug|Any CPU.ActiveCfg = Debug|Any CPU
		{4EF2846B-53FB-F126-1F88-D3DE3172C3CA}.Debug|Any CPU.Build.0 = Debug|Any CPU
		{4EF2846B-53FB-F126-1F88-D3DE3172C3CA}.Release|Any CPU.ActiveCfg = Release|Any CPU
		{4EF2846B-53FB-F126-1F88-D3DE3172C3CA}.Release|Any CPU.Build.0 = Release|Any CPU
	EndGlobalSection
	GlobalSection(SolutionProperties) = preSolution
		HideSolutionNode = FALSE
	EndGlobalSection
	GlobalSection(ExtensibilityGlobals) = postSolution
		SolutionGuid = {FD21BF5F-D193-49B8-AADB-EE42B66DD688}
	EndGlobalSection
EndGlobal
