Microsoft Visual Studio Solution File, Format Version 12.00
# Visual Studio Version 17
VisualStudioVersion = 17.5.2.0
MinimumVisualStudioVersion = 10.0.40219.1
Project("{FAE04EC0-301F-11D3-BF4B-00C04F79EFBC}") = "the_robot_pilot", "the_robot_pilot.csproj", "{F2CEBDF4-CE99-39AD-3D30-78566C0FEE2A}"
EndProject
Global
	GlobalSection(SolutionConfigurationPlatforms) = preSolution
		Debug|Any CPU = Debug|Any CPU
		Release|Any CPU = Release|Any CPU
	EndGlobalSection
	GlobalSection(ProjectConfigurationPlatforms) = postSolution
		{F2CEBDF4-CE99-39AD-3D30-78566C0FEE2A}.Debug|Any CPU.ActiveCfg = Debug|Any CPU
		{F2CEBDF4-CE99-39AD-3D30-78566C0FEE2A}.Debug|Any CPU.Build.0 = Debug|Any CPU
		{F2CEBDF4-CE99-39AD-3D30-78566C0FEE2A}.Release|Any CPU.ActiveCfg = Release|Any CPU
		{F2CEBDF4-CE99-39AD-3D30-78566C0FEE2A}.Release|Any CPU.Build.0 = Release|Any CPU
	EndGlobalSection
	GlobalSection(SolutionProperties) = preSolution
		HideSolutionNode = FALSE
	EndGlobalSection
	GlobalSection(ExtensibilityGlobals) = postSolution
		SolutionGuid = {0045EF98-D0E0-4CAA-A9CB-001F623016A3}
	EndGlobalSection
EndGlobal
