Microsoft Visual Studio Solution File, Format Version 12.00
# Visual Studio Version 17
VisualStudioVersion = 17.5.2.0
MinimumVisualStudioVersion = 10.0.40219.1
Project("{FAE04EC0-301F-11D3-BF4B-00C04F79EFBC}") = "charberry_tres", "charberry_tres.csproj", "{DB34BA61-E38A-AF09-0D01-09803A785DAE}"
EndProject
Global
	GlobalSection(SolutionConfigurationPlatforms) = preSolution
		Debug|Any CPU = Debug|Any CPU
		Release|Any CPU = Release|Any CPU
	EndGlobalSection
	GlobalSection(ProjectConfigurationPlatforms) = postSolution
		{DB34BA61-E38A-AF09-0D01-09803A785DAE}.Debug|Any CPU.ActiveCfg = Debug|Any CPU
		{DB34BA61-E38A-AF09-0D01-09803A785DAE}.Debug|Any CPU.Build.0 = Debug|Any CPU
		{DB34BA61-E38A-AF09-0D01-09803A785DAE}.Release|Any CPU.ActiveCfg = Release|Any CPU
		{DB34BA61-E38A-AF09-0D01-09803A785DAE}.Release|Any CPU.Build.0 = Release|Any CPU
	EndGlobalSection
	GlobalSection(SolutionProperties) = preSolution
		HideSolutionNode = FALSE
	EndGlobalSection
	GlobalSection(ExtensibilityGlobals) = postSolution
		SolutionGuid = {A9937DF8-A0B4-4B6D-B486-56AD7DE926A2}
	EndGlobalSection
EndGlobal
