Microsoft Visual Studio Solution File, Format Version 12.00
# Visual Studio Version 17
VisualStudioVersion = 17.5.2.0
MinimumVisualStudioVersion = 10.0.40219.1
Project("{FAE04EC0-301F-11D3-BF4B-00C04F79EFBC}") = "room_cordinates", "room_cordinates.csproj", "{CE1E8C4F-1238-D3DA-6B1A-01362EEBD9F2}"
EndProject
Global
	GlobalSection(SolutionConfigurationPlatforms) = preSolution
		Debug|Any CPU = Debug|Any CPU
		Release|Any CPU = Release|Any CPU
	EndGlobalSection
	GlobalSection(ProjectConfigurationPlatforms) = postSolution
		{CE1E8C4F-1238-D3DA-6B1A-01362EEBD9F2}.Debug|Any CPU.ActiveCfg = Debug|Any CPU
		{CE1E8C4F-1238-D3DA-6B1A-01362EEBD9F2}.Debug|Any CPU.Build.0 = Debug|Any CPU
		{CE1E8C4F-1238-D3DA-6B1A-01362EEBD9F2}.Release|Any CPU.ActiveCfg = Release|Any CPU
		{CE1E8C4F-1238-D3DA-6B1A-01362EEBD9F2}.Release|Any CPU.Build.0 = Release|Any CPU
	EndGlobalSection
	GlobalSection(SolutionProperties) = preSolution
		HideSolutionNode = FALSE
	EndGlobalSection
	GlobalSection(ExtensibilityGlobals) = postSolution
		SolutionGuid = {D6F392E4-0519-4C1C-9513-AEE0CB0A6849}
	EndGlobalSection
EndGlobal
